
Microsoft Visual Studio Solution File, Format Version 12.00
# Visual Studio 15
VisualStudioVersion = 15.0.28307.1062
MinimumVisualStudioVersion = 10.0.40219.1
Project("{FAE04EC0-301F-11D3-BF4B-00C04F79EFBC}") = "ProjectCustomer", "ProjectCustomer\ProjectCustomer.csproj", "{37B62295-88E6-4769-A90E-E3BAA533D262}"
EndProject
Global
	GlobalSection(SolutionConfigurationPlatforms) = preSolution
		Debug|Any CPU = Debug|Any CPU
		Release|Any CPU = Release|Any CPU
	EndGlobalSection
	GlobalSection(ProjectConfigurationPlatforms) = postSolution
		{37B62295-88E6-4769-A90E-E3BAA533D262}.Debug|Any CPU.ActiveCfg = Debug|Any CPU
		{37B62295-88E6-4769-A90E-E3BAA533D262}.Debug|Any CPU.Build.0 = Debug|Any CPU
		{37B62295-88E6-4769-A90E-E3BAA533D262}.Release|Any CPU.ActiveCfg = Release|Any CPU
		{37B62295-88E6-4769-A90E-E3BAA533D262}.Release|Any CPU.Build.0 = Release|Any CPU
	EndGlobalSection
	GlobalSection(SolutionProperties) = preSolution
		HideSolutionNode = FALSE
	EndGlobalSection
	GlobalSection(ExtensibilityGlobals) = postSolution
		SolutionGuid = {A2F4B399-DBE3-4F79-8377-B6C73F3C90B8}
	EndGlobalSection
EndGlobal
